
Microsoft Visual Studio Solution File, Format Version 12.00
# Visual Studio Version 17
VisualStudioVersion = 17.3.32922.545
MinimumVisualStudioVersion = 10.0.40219.1
Project("{FAE04EC0-301F-11D3-BF4B-00C04F79EFBC}") = "ExempleFunc", "ExempleFunc\ExempleFunc.csproj", "{8DD872B7-48AA-4915-9666-4B13A288D59A}"
EndProject
Global
	GlobalSection(SolutionConfigurationPlatforms) = preSolution
		Debug|Any CPU = Debug|Any CPU
		Release|Any CPU = Release|Any CPU
	EndGlobalSection
	GlobalSection(ProjectConfigurationPlatforms) = postSolution
		{8DD872B7-48AA-4915-9666-4B13A288D59A}.Debug|Any CPU.ActiveCfg = Debug|Any CPU
		{8DD872B7-48AA-4915-9666-4B13A288D59A}.Debug|Any CPU.Build.0 = Debug|Any CPU
		{8DD872B7-48AA-4915-9666-4B13A288D59A}.Release|Any CPU.ActiveCfg = Release|Any CPU
		{8DD872B7-48AA-4915-9666-4B13A288D59A}.Release|Any CPU.Build.0 = Release|Any CPU
	EndGlobalSection
	GlobalSection(SolutionProperties) = preSolution
		HideSolutionNode = FALSE
	EndGlobalSection
	GlobalSection(ExtensibilityGlobals) = postSolution
		SolutionGuid = {263CC88E-735C-4547-AA3C-EA5D11063AC5}
	EndGlobalSection
EndGlobal
